
Microsoft Visual Studio Solution File, Format Version 12.00
# Visual Studio Version 17
VisualStudioVersion = 17.1.32407.343
MinimumVisualStudioVersion = 10.0.40219.1
Project("{FAE04EC0-301F-11D3-BF4B-00C04F79EFBC}") = "FlappyBird", "FlappyBird\FlappyBird.csproj", "{228C2A79-3E5F-4980-B05B-78E041665A72}"
EndProject
Global
	GlobalSection(SolutionConfigurationPlatforms) = preSolution
		Debug|Any CPU = Debug|Any CPU
		Release|Any CPU = Release|Any CPU
	EndGlobalSection
	GlobalSection(ProjectConfigurationPlatforms) = postSolution
		{228C2A79-3E5F-4980-B05B-78E041665A72}.Debug|Any CPU.ActiveCfg = Debug|Any CPU
		{228C2A79-3E5F-4980-B05B-78E041665A72}.Debug|Any CPU.Build.0 = Debug|Any CPU
		{228C2A79-3E5F-4980-B05B-78E041665A72}.Release|Any CPU.ActiveCfg = Release|Any CPU
		{228C2A79-3E5F-4980-B05B-78E041665A72}.Release|Any CPU.Build.0 = Release|Any CPU
	EndGlobalSection
	GlobalSection(SolutionProperties) = preSolution
		HideSolutionNode = FALSE
	EndGlobalSection
	GlobalSection(ExtensibilityGlobals) = postSolution
		SolutionGuid = {E7497848-69B8-4D64-8042-CEF376CAB4F2}
	EndGlobalSection
EndGlobal
